
Microsoft Visual Studio Solution File, Format Version 12.00
# Visual Studio 15
VisualStudioVersion = 15.0.27428.2037
MinimumVisualStudioVersion = 10.0.40219.1
Project("{2150E333-8FDC-42A3-9474-1A3956D46DE8}") = "01教程", "01教程", "{18D40F79-5F8B-45DB-A87E-A604A03D3AA5}"
EndProject
Project("{2150E333-8FDC-42A3-9474-1A3956D46DE8}") = "01创建 Razor 页面 Web 应用", "01创建 Razor 页面 Web 应用", "{38F29C1D-A1A5-4B6E-AB10-52131F2801F2}"
EndProject
Project("{9A19103F-16F7-4668-BE54-9A1E7A4F7556}") = "RazorPagesMovie", "RazorPagesMovie\RazorPagesMovie.csproj", "{A7BFDA32-DC36-4B63-A340-A83E6C561E5B}"
EndProject
Project("{2150E333-8FDC-42A3-9474-1A3956D46DE8}") = "02创建MVCWeb应用", "02创建MVCWeb应用", "{4387EC7B-A109-4EFC-ABCF-115854CDD9B7}"
EndProject
Project("{FAE04EC0-301F-11D3-BF4B-00C04F79EFBC}") = "MvcMovie", "MvcMovie\MvcMovie.csproj", "{E3570367-6D2E-4667-B646-F597168407C9}"
EndProject
Project("{2150E333-8FDC-42A3-9474-1A3956D46DE8}") = "03生成 Web API", "03生成 Web API", "{719F7905-2214-4EA1-842F-8294DACC0924}"
EndProject
Project("{FAE04EC0-301F-11D3-BF4B-00C04F79EFBC}") = "TodoApi", "TodoApi\TodoApi.csproj", "{AF1A1108-6530-43BB-9465-F0A1CD0B22F0}"
EndProject
Global
	GlobalSection(SolutionConfigurationPlatforms) = preSolution
		Debug|Any CPU = Debug|Any CPU
		Release|Any CPU = Release|Any CPU
	EndGlobalSection
	GlobalSection(ProjectConfigurationPlatforms) = postSolution
		{A7BFDA32-DC36-4B63-A340-A83E6C561E5B}.Debug|Any CPU.ActiveCfg = Debug|Any CPU
		{A7BFDA32-DC36-4B63-A340-A83E6C561E5B}.Debug|Any CPU.Build.0 = Debug|Any CPU
		{A7BFDA32-DC36-4B63-A340-A83E6C561E5B}.Release|Any CPU.ActiveCfg = Release|Any CPU
		{A7BFDA32-DC36-4B63-A340-A83E6C561E5B}.Release|Any CPU.Build.0 = Release|Any CPU
		{E3570367-6D2E-4667-B646-F597168407C9}.Debug|Any CPU.ActiveCfg = Debug|Any CPU
		{E3570367-6D2E-4667-B646-F597168407C9}.Debug|Any CPU.Build.0 = Debug|Any CPU
		{E3570367-6D2E-4667-B646-F597168407C9}.Release|Any CPU.ActiveCfg = Release|Any CPU
		{E3570367-6D2E-4667-B646-F597168407C9}.Release|Any CPU.Build.0 = Release|Any CPU
		{AF1A1108-6530-43BB-9465-F0A1CD0B22F0}.Debug|Any CPU.ActiveCfg = Debug|Any CPU
		{AF1A1108-6530-43BB-9465-F0A1CD0B22F0}.Debug|Any CPU.Build.0 = Debug|Any CPU
		{AF1A1108-6530-43BB-9465-F0A1CD0B22F0}.Release|Any CPU.ActiveCfg = Release|Any CPU
		{AF1A1108-6530-43BB-9465-F0A1CD0B22F0}.Release|Any CPU.Build.0 = Release|Any CPU
	EndGlobalSection
	GlobalSection(SolutionProperties) = preSolution
		HideSolutionNode = FALSE
	EndGlobalSection
	GlobalSection(NestedProjects) = preSolution
		{38F29C1D-A1A5-4B6E-AB10-52131F2801F2} = {18D40F79-5F8B-45DB-A87E-A604A03D3AA5}
		{A7BFDA32-DC36-4B63-A340-A83E6C561E5B} = {38F29C1D-A1A5-4B6E-AB10-52131F2801F2}
		{4387EC7B-A109-4EFC-ABCF-115854CDD9B7} = {18D40F79-5F8B-45DB-A87E-A604A03D3AA5}
		{E3570367-6D2E-4667-B646-F597168407C9} = {4387EC7B-A109-4EFC-ABCF-115854CDD9B7}
		{719F7905-2214-4EA1-842F-8294DACC0924} = {18D40F79-5F8B-45DB-A87E-A604A03D3AA5}
		{AF1A1108-6530-43BB-9465-F0A1CD0B22F0} = {719F7905-2214-4EA1-842F-8294DACC0924}
	EndGlobalSection
	GlobalSection(ExtensibilityGlobals) = postSolution
		SolutionGuid = {0C134430-C931-47C1-AB42-9A5A3BC38565}
	EndGlobalSection
EndGlobal
